
Microsoft Visual Studio Solution File, Format Version 12.00
# Visual Studio 15
VisualStudioVersion = 15.0.28010.2048
MinimumVisualStudioVersion = 10.0.40219.1
Project("{FAE04EC0-301F-11D3-BF4B-00C04F79EFBC}") = "Android.WeChat", "Android.WeChat\Android.WeChat.csproj", "{5F3AF125-FED7-4075-9A9E-CF42F65E074B}"
EndProject
Global
	GlobalSection(SolutionConfigurationPlatforms) = preSolution
		Debug|Any CPU = Debug|Any CPU
		Release|Any CPU = Release|Any CPU
	EndGlobalSection
	GlobalSection(ProjectConfigurationPlatforms) = postSolution
		{5F3AF125-FED7-4075-9A9E-CF42F65E074B}.Debug|Any CPU.ActiveCfg = Debug|Any CPU
		{5F3AF125-FED7-4075-9A9E-CF42F65E074B}.Debug|Any CPU.Build.0 = Debug|Any CPU
		{5F3AF125-FED7-4075-9A9E-CF42F65E074B}.Release|Any CPU.ActiveCfg = Release|Any CPU
		{5F3AF125-FED7-4075-9A9E-CF42F65E074B}.Release|Any CPU.Build.0 = Release|Any CPU
	EndGlobalSection
	GlobalSection(SolutionProperties) = preSolution
		HideSolutionNode = FALSE
	EndGlobalSection
	GlobalSection(ExtensibilityGlobals) = postSolution
		SolutionGuid = {792767ED-37BD-4796-B5F3-9BE1ECC2605E}
	EndGlobalSection
EndGlobal
